{
  "name": "morse-translator-bot",
  "version": "1.0.0",
  "lockfileVersion": 1,
  "requires": true,
  "dependencies": {
    "async-to-gen": {
      "version": "1.3.3",
      "resolved": "https://registry.npmjs.org/async-to-gen/-/async-to-gen-1.3.3.tgz",
      "integrity": "sha1-1SyftIAfDfRKvE0t4YcLSLYOILs=",
      "requires": {
        "babylon": "6.18.0",
        "magic-string": "0.19.1"
      }
    },
    "atob-lite": {
      "version": "2.0.0",
      "resolved": "https://registry.npmjs.org/atob-lite/-/atob-lite-2.0.0.tgz",
      "integrity": "sha1-D+9a1G8b16hQLGVyfwNn1e5D1pY="
    },
    "audio-buffer": {
      "version": "4.0.2",
      "resolved": "https://registry.npmjs.org/audio-buffer/-/audio-buffer-4.0.2.tgz",
      "integrity": "sha1-Lar4yT1HZHQhjOeOmjxbx8hTR6w=",
      "requires": {
        "audio-context": "1.0.1"
      }
    },
    "audio-buffer-from": {
      "version": "1.0.3",
      "resolved": "https://registry.npmjs.org/audio-buffer-from/-/audio-buffer-from-1.0.3.tgz",
      "integrity": "sha1-sMn/H9e0pzGAIEoL768W+3/IBWE=",
      "requires": {
        "audio-buffer": "4.0.2",
        "audio-context": "1.0.1",
        "audio-format": "2.2.1",
        "is-audio-buffer": "1.0.11",
        "is-plain-obj": "1.1.0",
        "pcm-convert": "1.6.3",
        "string-to-arraybuffer": "1.0.0"
      }
    },
    "audio-buffer-utils": {
      "version": "5.1.1",
      "resolved": "https://registry.npmjs.org/audio-buffer-utils/-/audio-buffer-utils-5.1.1.tgz",
      "integrity": "sha1-sCK62TVOZab9q52xDBr5UJoK3tM=",
      "requires": {
        "audio-buffer": "4.0.2",
        "audio-buffer-from": "1.0.3",
        "audio-context": "1.0.1",
        "clamp": "1.0.1",
        "is-audio-buffer": "1.0.11",
        "is-browser": "2.0.1",
        "is-buffer": "1.1.5",
        "negative-index": "1.0.2"
      }
    },
    "audio-context": {
      "version": "1.0.1",
      "resolved": "https://registry.npmjs.org/audio-context/-/audio-context-1.0.1.tgz",
      "integrity": "sha1-zsTbis5u9KrL8Q7vCXekVxRo1Ks=",
      "requires": {
        "global": "4.3.2"
      }
    },
    "audio-format": {
      "version": "2.2.1",
      "resolved": "https://registry.npmjs.org/audio-format/-/audio-format-2.2.1.tgz",
      "integrity": "sha1-OzYWo0G9KfSU8NLp8fn3mx3DF5c=",
      "requires": {
        "is-audio-buffer": "1.0.11",
        "is-buffer": "1.1.5",
        "is-plain-obj": "1.1.0",
        "sample-rate": "2.0.0"
      }
    },
    "auto-bind": {
      "version": "1.1.0",
      "resolved": "https://registry.npmjs.org/auto-bind/-/auto-bind-1.1.0.tgz",
      "integrity": "sha1-k7hk3H7gGjJigXddXHXKCnUeWWE="
    },
    "babylon": {
      "version": "6.18.0",
      "resolved": "https://registry.npmjs.org/babylon/-/babylon-6.18.0.tgz",
      "integrity": "sha512-q/UEjfGJ2Cm3oKV71DJz9d25TPnq5rhBVL2Q4fA5wcC3jcrdn7+SssEybFIxwAvvP+YCsCYNKughoF33GxgycQ=="
    },
    "clamp": {
      "version": "1.0.1",
      "resolved": "https://registry.npmjs.org/clamp/-/clamp-1.0.1.tgz",
      "integrity": "sha1-ZqDmQBGBbjcZaCj9yMjBRzEshjQ="
    },
    "core-util-is": {
      "version": "1.0.2",
      "resolved": "https://registry.npmjs.org/core-util-is/-/core-util-is-1.0.2.tgz",
      "integrity": "sha1-tf1UIgqivFq1eqtxQMlAdUUDwac="
    },
    "debug": {
      "version": "2.6.8",
      "resolved": "https://registry.npmjs.org/debug/-/debug-2.6.8.tgz",
      "integrity": "sha1-5zFTHKLt4n0YgiJCfaF4IdaP9Pw=",
      "requires": {
        "ms": "2.0.0"
      }
    },
    "dom-walk": {
      "version": "0.1.1",
      "resolved": "https://registry.npmjs.org/dom-walk/-/dom-walk-0.1.1.tgz",
      "integrity": "sha1-ZyIm3HTI95mtNTB9+TaroRrNYBg="
    },
    "encoding": {
      "version": "0.1.12",
      "resolved": "https://registry.npmjs.org/encoding/-/encoding-0.1.12.tgz",
      "integrity": "sha1-U4tm8+5izRq1HsMjgp0flIDHS+s=",
      "requires": {
        "iconv-lite": "0.4.18"
      }
    },
    "end-of-stream": {
      "version": "1.4.0",
      "resolved": "https://registry.npmjs.org/end-of-stream/-/end-of-stream-1.4.0.tgz",
      "integrity": "sha1-epDYM+/abPpurA9JSduw+tOmMgY=",
      "requires": {
        "once": "1.4.0"
      }
    },
    "global": {
      "version": "4.3.2",
      "resolved": "https://registry.npmjs.org/global/-/global-4.3.2.tgz",
      "integrity": "sha1-52mJJopsdMOJCLEwWxD8DjlOnQ8=",
      "requires": {
        "min-document": "2.19.0",
        "process": "0.5.2"
      }
    },
    "iconv-lite": {
      "version": "0.4.18",
      "resolved": "https://registry.npmjs.org/iconv-lite/-/iconv-lite-0.4.18.tgz",
      "integrity": "sha512-sr1ZQph3UwHTR0XftSbK85OvBbxe/abLGzEnPENCQwmHf7sck8Oyu4ob3LgBxWWxRoM+QszeUyl7jbqapu2TqA=="
    },
    "inherits": {
      "version": "2.0.3",
      "resolved": "https://registry.npmjs.org/inherits/-/inherits-2.0.3.tgz",
      "integrity": "sha1-Yzwsg+PaQqUC9SRmAiSA9CCCYd4="
    },
    "is-async-supported": {
      "version": "1.2.0",
      "resolved": "https://registry.npmjs.org/is-async-supported/-/is-async-supported-1.2.0.tgz",
      "integrity": "sha1-INWKxNZwfrHLNxLdOEgMBTbyfAc="
    },
    "is-audio-buffer": {
      "version": "1.0.11",
      "resolved": "https://registry.npmjs.org/is-audio-buffer/-/is-audio-buffer-1.0.11.tgz",
      "integrity": "sha1-Hs443PML9U3aNvIKRS63J9I96zY="
    },
    "is-base64": {
      "version": "0.0.4",
      "resolved": "https://registry.npmjs.org/is-base64/-/is-base64-0.0.4.tgz",
      "integrity": "sha1-bvM8AfSHDRMG6jiFe9Wa3z4/VD8="
    },
    "is-browser": {
      "version": "2.0.1",
      "resolved": "https://registry.npmjs.org/is-browser/-/is-browser-2.0.1.tgz",
      "integrity": "sha1-i/C695mpxi/Z3lvO5M8zl8PnUpo="
    },
    "is-buffer": {
      "version": "1.1.5",
      "resolved": "https://registry.npmjs.org/is-buffer/-/is-buffer-1.1.5.tgz",
      "integrity": "sha1-Hzsm72E7IUuIy8ojzGwB2Hlh7sw="
    },
    "is-negative-zero": {
      "version": "2.0.0",
      "resolved": "https://registry.npmjs.org/is-negative-zero/-/is-negative-zero-2.0.0.tgz",
      "integrity": "sha1-lVOxIbD6wohp2p7UWeIMdUN4hGE="
    },
    "is-plain-obj": {
      "version": "1.1.0",
      "resolved": "https://registry.npmjs.org/is-plain-obj/-/is-plain-obj-1.1.0.tgz",
      "integrity": "sha1-caUMhCnfync8kqOQpKA7OfzVHT4="
    },
    "is-stream": {
      "version": "1.1.0",
      "resolved": "https://registry.npmjs.org/is-stream/-/is-stream-1.1.0.tgz",
      "integrity": "sha1-EtSj3U5o4Lec6428hBc66A2RykQ="
    },
    "magic-string": {
      "version": "0.19.1",
      "resolved": "https://registry.npmjs.org/magic-string/-/magic-string-0.19.1.tgz",
      "integrity": "sha1-FNdoATyvLsj96hakmvgvw3fnUgE=",
      "requires": {
        "vlq": "0.2.2"
      }
    },
    "micro-bot": {
      "version": "1.3.3",
      "resolved": "https://registry.npmjs.org/micro-bot/-/micro-bot-1.3.3.tgz",
      "integrity": "sha512-QCqc4YfZmsQCaXz2hrv211NUib2iKU2Q1kz4/QboTUtgHe8sQ7/5xft5lN6KZhK7U8wS63avrBIdgvOJw33ozw==",
      "requires": {
        "async-to-gen": "1.3.3",
        "is-async-supported": "1.2.0",
        "minimist": "1.2.0",
        "telegraf": "3.9.0"
      }
    },
    "min-document": {
      "version": "2.19.0",
      "resolved": "https://registry.npmjs.org/min-document/-/min-document-2.19.0.tgz",
      "integrity": "sha1-e9KC4/WELtKVu3SM3Z8f+iyCRoU=",
      "requires": {
        "dom-walk": "0.1.1"
      }
    },
    "minimist": {
      "version": "1.2.0",
      "resolved": "https://registry.npmjs.org/minimist/-/minimist-1.2.0.tgz",
      "integrity": "sha1-o1AIsg9BOD7sH7kU9M1d95omQoQ="
    },
    "morsea": {
      "version": "3.0.0",
      "resolved": "https://registry.npmjs.org/morsea/-/morsea-3.0.0.tgz",
      "integrity": "sha512-Ni9kgeTj5pS7kW/nvs6YFoCAhK+7yQhNy81MRYqc5iFqY7s+aO8BDTNgDaMnWdki7eVn9BQN7KWeSZacuAIy0Q==",
      "requires": {
        "audio-buffer-utils": "5.1.1",
        "morsify": "0.3.0",
        "pcm-util": "3.0.0",
        "pump": "1.0.2",
        "readable-stream": "2.3.3",
        "through2": "2.0.3"
      },
      "dependencies": {
        "isarray": {
          "version": "1.0.0",
          "resolved": "https://registry.npmjs.org/isarray/-/isarray-1.0.0.tgz",
          "integrity": "sha1-u5NdSFgsuhaMBoNJV6VKPgcSTxE="
        },
        "pcm-util": {
          "version": "3.0.0",
          "resolved": "https://registry.npmjs.org/pcm-util/-/pcm-util-3.0.0.tgz",
          "integrity": "sha1-L33/SBOidIHZlffSwY2hdnj6MDw=",
          "requires": {
            "audio-buffer": "4.0.2",
            "is-audio-buffer": "1.0.11",
            "is-buffer": "1.1.5"
          }
        },
        "readable-stream": {
          "version": "2.3.3",
          "resolved": "https://registry.npmjs.org/readable-stream/-/readable-stream-2.3.3.tgz",
          "integrity": "sha512-m+qzzcn7KUxEmd1gMbchF+Y2eIUbieUaxkWtptyHywrX0rE8QEYqPC07Vuy4Wm32/xE16NcdBctb8S0Xe/5IeQ==",
          "requires": {
            "core-util-is": "1.0.2",
            "inherits": "2.0.3",
            "isarray": "1.0.0",
            "process-nextick-args": "1.0.7",
            "safe-buffer": "5.1.1",
            "string_decoder": "1.0.3",
            "util-deprecate": "1.0.2"
          }
        },
        "string_decoder": {
          "version": "1.0.3",
          "resolved": "https://registry.npmjs.org/string_decoder/-/string_decoder-1.0.3.tgz",
          "integrity": "sha512-4AH6Z5fzNNBcH+6XDMfA/BTt87skxqJlO0lAh3Dker5zThcAxG6mKz+iGu308UKoPPQ8Dcqx/4JhujzltRa+hQ==",
          "requires": {
            "safe-buffer": "5.1.1"
          }
        }
      }
    },
    "morsify": {
      "version": "0.3.0",
      "resolved": "https://registry.npmjs.org/morsify/-/morsify-0.3.0.tgz",
      "integrity": "sha1-QU2AVWG4N5OOK0y3AJLf9WuroQY="
    },
    "ms": {
      "version": "2.0.0",
      "resolved": "https://registry.npmjs.org/ms/-/ms-2.0.0.tgz",
      "integrity": "sha1-VgiurfwAvmwpAd9fmGF4jeDVl8g="
    },
    "negative-index": {
      "version": "1.0.2",
      "resolved": "https://registry.npmjs.org/negative-index/-/negative-index-1.0.2.tgz",
      "integrity": "sha1-uws0n53oCHkybPpUxW+2tnykeI0=",
      "requires": {
        "is-negative-zero": "2.0.0"
      }
    },
    "node-fetch": {
      "version": "1.7.1",
      "resolved": "https://registry.npmjs.org/node-fetch/-/node-fetch-1.7.1.tgz",
      "integrity": "sha512-j8XsFGCLw79vWXkZtMSmmLaOk9z5SQ9bV/tkbZVCqvgwzrjAGq66igobLofHtF63NvMTp2WjytpsNTGKa+XRIQ==",
      "requires": {
        "encoding": "0.1.12",
        "is-stream": "1.1.0"
      }
    },
    "object-assign": {
      "version": "4.1.1",
      "resolved": "https://registry.npmjs.org/object-assign/-/object-assign-4.1.1.tgz",
      "integrity": "sha1-IQmtx5ZYh8/AXLvUQsrIv7s2CGM="
    },
    "once": {
      "version": "1.4.0",
      "resolved": "https://registry.npmjs.org/once/-/once-1.4.0.tgz",
      "integrity": "sha1-WDsap3WWHUsROsF9nFC6753Xa9E=",
      "requires": {
        "wrappy": "1.0.2"
      }
    },
    "pcm-convert": {
      "version": "1.6.3",
      "resolved": "https://registry.npmjs.org/pcm-convert/-/pcm-convert-1.6.3.tgz",
      "integrity": "sha1-gWu19AZ+Kp3ZafioClTPzqiy5/M=",
      "requires": {
        "audio-format": "2.2.1",
        "is-audio-buffer": "1.0.11",
        "is-buffer": "1.1.5",
        "object-assign": "4.1.1"
      }
    },
    "process": {
      "version": "0.5.2",
      "resolved": "https://registry.npmjs.org/process/-/process-0.5.2.tgz",
      "integrity": "sha1-FjjYqONML0QKkduVq5rrZ3/Bhc8="
    },
    "process-nextick-args": {
      "version": "1.0.7",
      "resolved": "https://registry.npmjs.org/process-nextick-args/-/process-nextick-args-1.0.7.tgz",
      "integrity": "sha1-FQ4gt1ZZCtP5EJPyWk8q2L/zC6M="
    },
    "pump": {
      "version": "1.0.2",
      "resolved": "https://registry.npmjs.org/pump/-/pump-1.0.2.tgz",
      "integrity": "sha1-Oz7mUS+U8OV1U4wXmV+fFpkKXVE=",
      "requires": {
        "end-of-stream": "1.4.0",
        "once": "1.4.0"
      }
    },
    "safe-buffer": {
      "version": "5.1.1",
      "resolved": "https://registry.npmjs.org/safe-buffer/-/safe-buffer-5.1.1.tgz",
      "integrity": "sha512-kKvNJn6Mm93gAczWVJg7wH+wGYWNrDHdWvpUmHyEsgCtIwwo3bqPtV4tR5tuPaUhTOo/kvhVwd8XwwOllGYkbg=="
    },
    "sample-rate": {
      "version": "2.0.0",
      "resolved": "https://registry.npmjs.org/sample-rate/-/sample-rate-2.0.0.tgz",
      "integrity": "sha1-jDkpy2ESv82tvQ42xbpez5FbHFE="
    },
    "sandwich-stream": {
      "version": "1.0.0",
      "resolved": "https://registry.npmjs.org/sandwich-stream/-/sandwich-stream-1.0.0.tgz",
      "integrity": "sha1-eDDkV5e1kzKH8fmyj4cZB0ViYvI="
    },
    "string-to-arraybuffer": {
      "version": "1.0.0",
      "resolved": "https://registry.npmjs.org/string-to-arraybuffer/-/string-to-arraybuffer-1.0.0.tgz",
      "integrity": "sha1-aurdRbWOYzyegzx+5mJu5pUN08U=",
      "requires": {
        "atob-lite": "2.0.0",
        "is-base64": "0.0.4"
      }
    },
    "telegraf": {
      "version": "3.9.0",
      "resolved": "https://registry.npmjs.org/telegraf/-/telegraf-3.9.0.tgz",
      "integrity": "sha1-+ON11gOmqYf5OWNEjjmfohKKQLc=",
      "requires": {
        "auto-bind": "1.1.0",
        "debug": "2.6.8",
        "node-fetch": "1.7.1",
        "sandwich-stream": "1.0.0"
      }
    },
    "through2": {
      "version": "2.0.3",
      "resolved": "https://registry.npmjs.org/through2/-/through2-2.0.3.tgz",
      "integrity": "sha1-AARWmzfHx0ujnEPzzteNGtlBQL4=",
      "requires": {
        "readable-stream": "2.3.3",
        "xtend": "4.0.1"
      },
      "dependencies": {
        "isarray": {
          "version": "1.0.0",
          "resolved": "https://registry.npmjs.org/isarray/-/isarray-1.0.0.tgz",
          "integrity": "sha1-u5NdSFgsuhaMBoNJV6VKPgcSTxE="
        },
        "readable-stream": {
          "version": "2.3.3",
          "resolved": "https://registry.npmjs.org/readable-stream/-/readable-stream-2.3.3.tgz",
          "integrity": "sha512-m+qzzcn7KUxEmd1gMbchF+Y2eIUbieUaxkWtptyHywrX0rE8QEYqPC07Vuy4Wm32/xE16NcdBctb8S0Xe/5IeQ==",
          "requires": {
            "core-util-is": "1.0.2",
            "inherits": "2.0.3",
            "isarray": "1.0.0",
            "process-nextick-args": "1.0.7",
            "safe-buffer": "5.1.1",
            "string_decoder": "1.0.3",
            "util-deprecate": "1.0.2"
          }
        },
        "string_decoder": {
          "version": "1.0.3",
          "resolved": "https://registry.npmjs.org/string_decoder/-/string_decoder-1.0.3.tgz",
          "integrity": "sha512-4AH6Z5fzNNBcH+6XDMfA/BTt87skxqJlO0lAh3Dker5zThcAxG6mKz+iGu308UKoPPQ8Dcqx/4JhujzltRa+hQ==",
          "requires": {
            "safe-buffer": "5.1.1"
          }
        }
      }
    },
    "util-deprecate": {
      "version": "1.0.2",
      "resolved": "https://registry.npmjs.org/util-deprecate/-/util-deprecate-1.0.2.tgz",
      "integrity": "sha1-RQ1Nyfpw3nMnYvvS1KKJgUGaDM8="
    },
    "uuid": {
      "version": "3.1.0",
      "resolved": "https://registry.npmjs.org/uuid/-/uuid-3.1.0.tgz",
      "integrity": "sha512-DIWtzUkw04M4k3bf1IcpS2tngXEL26YUD2M0tMDUpnUrz2hgzUBlD55a4FjdLGPvfHxS6uluGWvaVEqgBcVa+g=="
    },
    "vlq": {
      "version": "0.2.2",
      "resolved": "https://registry.npmjs.org/vlq/-/vlq-0.2.2.tgz",
      "integrity": "sha1-4xbVJXtAuGu0PLjV/qXX9U1rDKE="
    },
    "wrappy": {
      "version": "1.0.2",
      "resolved": "https://registry.npmjs.org/wrappy/-/wrappy-1.0.2.tgz",
      "integrity": "sha1-tSQ9jz7BqjXxNkYFvA0QNuMKtp8="
    },
    "xtend": {
      "version": "4.0.1",
      "resolved": "https://registry.npmjs.org/xtend/-/xtend-4.0.1.tgz",
      "integrity": "sha1-pcbVMr5lbiPbgg77lDofBJmNY68="
    }
  }
}
